
Microsoft Visual Studio Solution File, Format Version 12.00
# Visual Studio Version 17
VisualStudioVersion = 17.8.34316.72
MinimumVisualStudioVersion = 10.0.40219.1
Project("{9A19103F-16F7-4668-BE54-9A1E7A4F7556}") = "mvvmLessons", "mvvmLessons\mvvmLessons.csproj", "{4402259C-CF84-493A-93BB-0745A22D3506}"
EndProject
Project("{2150E333-8FDC-42A3-9474-1A3956D46DE8}") = "Tests", "Tests", "{4796DE06-090D-4DD4-B661-3EBB64CA05B0}"
EndProject
Project("{9A19103F-16F7-4668-BE54-9A1E7A4F7556}") = "MVVMLessonsConsole", "tests\MVVMLessonsConsole\MVVMLessonsConsole.csproj", "{D7152D16-C712-474B-BB57-3B827AFB2D98}"
EndProject
Global
	GlobalSection(SolutionConfigurationPlatforms) = preSolution
		Debug|Any CPU = Debug|Any CPU
		Release|Any CPU = Release|Any CPU
	EndGlobalSection
	GlobalSection(ProjectConfigurationPlatforms) = postSolution
		{4402259C-CF84-493A-93BB-0745A22D3506}.Debug|Any CPU.ActiveCfg = Debug|Any CPU
		{4402259C-CF84-493A-93BB-0745A22D3506}.Debug|Any CPU.Build.0 = Debug|Any CPU
		{4402259C-CF84-493A-93BB-0745A22D3506}.Release|Any CPU.ActiveCfg = Release|Any CPU
		{4402259C-CF84-493A-93BB-0745A22D3506}.Release|Any CPU.Build.0 = Release|Any CPU
		{D7152D16-C712-474B-BB57-3B827AFB2D98}.Debug|Any CPU.ActiveCfg = Debug|Any CPU
		{D7152D16-C712-474B-BB57-3B827AFB2D98}.Debug|Any CPU.Build.0 = Debug|Any CPU
		{D7152D16-C712-474B-BB57-3B827AFB2D98}.Release|Any CPU.ActiveCfg = Release|Any CPU
		{D7152D16-C712-474B-BB57-3B827AFB2D98}.Release|Any CPU.Build.0 = Release|Any CPU
	EndGlobalSection
	GlobalSection(SolutionProperties) = preSolution
		HideSolutionNode = FALSE
	EndGlobalSection
	GlobalSection(NestedProjects) = preSolution
		{D7152D16-C712-474B-BB57-3B827AFB2D98} = {4796DE06-090D-4DD4-B661-3EBB64CA05B0}
	EndGlobalSection
	GlobalSection(ExtensibilityGlobals) = postSolution
		SolutionGuid = {2B5D1B9D-B780-4C4A-AEC3-4117366BED26}
	EndGlobalSection
EndGlobal
